
Microsoft Visual Studio Solution File, Format Version 12.00
# Visual Studio Version 17
VisualStudioVersion = 17.11.35327.3
MinimumVisualStudioVersion = 10.0.40219.1
Project("{8BC9CEB8-8B4A-11D0-8D11-00A0C91BC942}") = "SFMLgame", "SFMLgame.vcxproj", "{373B1D7B-794E-4B34-A2AC-44DEA6B41B33}"
EndProject
Global
	GlobalSection(SolutionConfigurationPlatforms) = preSolution
		Debug|x64 = Debug|x64
		Debug|x86 = Debug|x86
		Release|x64 = Release|x64
		Release|x86 = Release|x86
	EndGlobalSection
	GlobalSection(ProjectConfigurationPlatforms) = postSolution
		{373B1D7B-794E-4B34-A2AC-44DEA6B41B33}.Debug|x64.ActiveCfg = Debug|x64
		{373B1D7B-794E-4B34-A2AC-44DEA6B41B33}.Debug|x64.Build.0 = Debug|x64
		{373B1D7B-794E-4B34-A2AC-44DEA6B41B33}.Debug|x86.ActiveCfg = Debug|Win32
		{373B1D7B-794E-4B34-A2AC-44DEA6B41B33}.Debug|x86.Build.0 = Debug|Win32
		{373B1D7B-794E-4B34-A2AC-44DEA6B41B33}.Release|x64.ActiveCfg = Release|x64
		{373B1D7B-794E-4B34-A2AC-44DEA6B41B33}.Release|x64.Build.0 = Release|x64
		{373B1D7B-794E-4B34-A2AC-44DEA6B41B33}.Release|x86.ActiveCfg = Release|Win32
		{373B1D7B-794E-4B34-A2AC-44DEA6B41B33}.Release|x86.Build.0 = Release|Win32
	EndGlobalSection
	GlobalSection(SolutionProperties) = preSolution
		HideSolutionNode = FALSE
	EndGlobalSection
	GlobalSection(ExtensibilityGlobals) = postSolution
		SolutionGuid = {E1B2FC3D-42D6-4587-A967-327A0D81E4DF}
	EndGlobalSection
EndGlobal
